
Microsoft Visual Studio Solution File, Format Version 12.00
# Visual Studio Version 17
VisualStudioVersion = 17.4.33205.214
MinimumVisualStudioVersion = 10.0.40219.1
Project("{FAE04EC0-301F-11D3-BF4B-00C04F79EFBC}") = "BikeFrameManagement", "BikeFrameManagement\BikeFrameManagement.csproj", "{38F4172A-4954-4E69-8857-68D5C79220C9}"
EndProject
Global
	GlobalSection(SolutionConfigurationPlatforms) = preSolution
		Debug|Any CPU = Debug|Any CPU
		Release|Any CPU = Release|Any CPU
	EndGlobalSection
	GlobalSection(ProjectConfigurationPlatforms) = postSolution
		{38F4172A-4954-4E69-8857-68D5C79220C9}.Debug|Any CPU.ActiveCfg = Debug|Any CPU
		{38F4172A-4954-4E69-8857-68D5C79220C9}.Debug|Any CPU.Build.0 = Debug|Any CPU
		{38F4172A-4954-4E69-8857-68D5C79220C9}.Release|Any CPU.ActiveCfg = Release|Any CPU
		{38F4172A-4954-4E69-8857-68D5C79220C9}.Release|Any CPU.Build.0 = Release|Any CPU
	EndGlobalSection
	GlobalSection(SolutionProperties) = preSolution
		HideSolutionNode = FALSE
	EndGlobalSection
	GlobalSection(ExtensibilityGlobals) = postSolution
		SolutionGuid = {A72340FC-C7E0-4920-91C1-991F2B6C709E}
	EndGlobalSection
EndGlobal
